
Microsoft Visual Studio Solution File, Format Version 11.00
# Visual Studio 2010
Project("{FAE04EC0-301F-11D3-BF4B-00C04F79EFBC}") = "QBank", "QBank\QBank.csproj", "{6E8292A4-3067-467F-9928-1B037FF826E6}"
EndProject
Project("{FAE04EC0-301F-11D3-BF4B-00C04F79EFBC}") = "QBank.Web", "QBank.Web\QBank.Web.csproj", "{ED1EAB32-0B08-43D2-A753-64E13252DA0A}"
EndProject
Project("{FAE04EC0-301F-11D3-BF4B-00C04F79EFBC}") = "QBank.BasicAccountModule", "QBank.BasicAccountModule\QBank.BasicAccountModule.csproj", "{FFD67B3D-BBEA-4697-AD69-9799AA305189}"
EndProject
Project("{FAE04EC0-301F-11D3-BF4B-00C04F79EFBC}") = "QBank.Model", "QBank.Model\QBank.Model.csproj", "{C8386F02-74E2-48D6-8D87-3F151203AC46}"
EndProject
Project("{FAE04EC0-301F-11D3-BF4B-00C04F79EFBC}") = "QBank.DataAccess", "QBank.DataAccess\QBank.DataAccess.csproj", "{1DA1F168-7E36-468A-AF9C-6167233200F5}"
EndProject
Project("{FAE04EC0-301F-11D3-BF4B-00C04F79EFBC}") = "QBank.Service", "QBank.Service\QBank.Service.csproj", "{90CAC7EC-480B-43D6-824F-6C59DA02F6F9}"
EndProject
Project("{FAE04EC0-301F-11D3-BF4B-00C04F79EFBC}") = "QBank.Infrastructure.Web", "QBank.Infrastructure.Web\QBank.Infrastructure.Web.csproj", "{24FBFD89-0069-408A-A6BF-ECF0CA5E019E}"
EndProject
Project("{2150E333-8FDC-42A3-9474-1A3956D46DE8}") = ".nuget", ".nuget", "{12D7B259-6BAB-4C0C-9841-83DADC7D36DA}"
	ProjectSection(SolutionItems) = preProject
		.nuget\NuGet.Config = .nuget\NuGet.Config
		.nuget\NuGet.exe = .nuget\NuGet.exe
		.nuget\NuGet.targets = .nuget\NuGet.targets
	EndProjectSection
EndProject
Global
	GlobalSection(SolutionConfigurationPlatforms) = preSolution
		Debug|Any CPU = Debug|Any CPU
		Release|Any CPU = Release|Any CPU
	EndGlobalSection
	GlobalSection(ProjectConfigurationPlatforms) = postSolution
		{6E8292A4-3067-467F-9928-1B037FF826E6}.Debug|Any CPU.ActiveCfg = Debug|Any CPU
		{6E8292A4-3067-467F-9928-1B037FF826E6}.Debug|Any CPU.Build.0 = Debug|Any CPU
		{6E8292A4-3067-467F-9928-1B037FF826E6}.Release|Any CPU.ActiveCfg = Release|Any CPU
		{6E8292A4-3067-467F-9928-1B037FF826E6}.Release|Any CPU.Build.0 = Release|Any CPU
		{ED1EAB32-0B08-43D2-A753-64E13252DA0A}.Debug|Any CPU.ActiveCfg = Debug|Any CPU
		{ED1EAB32-0B08-43D2-A753-64E13252DA0A}.Debug|Any CPU.Build.0 = Debug|Any CPU
		{ED1EAB32-0B08-43D2-A753-64E13252DA0A}.Release|Any CPU.ActiveCfg = Release|Any CPU
		{ED1EAB32-0B08-43D2-A753-64E13252DA0A}.Release|Any CPU.Build.0 = Release|Any CPU
		{FFD67B3D-BBEA-4697-AD69-9799AA305189}.Debug|Any CPU.ActiveCfg = Debug|Any CPU
		{FFD67B3D-BBEA-4697-AD69-9799AA305189}.Debug|Any CPU.Build.0 = Debug|Any CPU
		{FFD67B3D-BBEA-4697-AD69-9799AA305189}.Release|Any CPU.ActiveCfg = Release|Any CPU
		{FFD67B3D-BBEA-4697-AD69-9799AA305189}.Release|Any CPU.Build.0 = Release|Any CPU
		{C8386F02-74E2-48D6-8D87-3F151203AC46}.Debug|Any CPU.ActiveCfg = Debug|Any CPU
		{C8386F02-74E2-48D6-8D87-3F151203AC46}.Debug|Any CPU.Build.0 = Debug|Any CPU
		{C8386F02-74E2-48D6-8D87-3F151203AC46}.Release|Any CPU.ActiveCfg = Release|Any CPU
		{C8386F02-74E2-48D6-8D87-3F151203AC46}.Release|Any CPU.Build.0 = Release|Any CPU
		{1DA1F168-7E36-468A-AF9C-6167233200F5}.Debug|Any CPU.ActiveCfg = Debug|Any CPU
		{1DA1F168-7E36-468A-AF9C-6167233200F5}.Debug|Any CPU.Build.0 = Debug|Any CPU
		{1DA1F168-7E36-468A-AF9C-6167233200F5}.Release|Any CPU.ActiveCfg = Release|Any CPU
		{1DA1F168-7E36-468A-AF9C-6167233200F5}.Release|Any CPU.Build.0 = Release|Any CPU
		{90CAC7EC-480B-43D6-824F-6C59DA02F6F9}.Debug|Any CPU.ActiveCfg = Debug|Any CPU
		{90CAC7EC-480B-43D6-824F-6C59DA02F6F9}.Debug|Any CPU.Build.0 = Debug|Any CPU
		{90CAC7EC-480B-43D6-824F-6C59DA02F6F9}.Release|Any CPU.ActiveCfg = Release|Any CPU
		{90CAC7EC-480B-43D6-824F-6C59DA02F6F9}.Release|Any CPU.Build.0 = Release|Any CPU
		{24FBFD89-0069-408A-A6BF-ECF0CA5E019E}.Debug|Any CPU.ActiveCfg = Debug|Any CPU
		{24FBFD89-0069-408A-A6BF-ECF0CA5E019E}.Debug|Any CPU.Build.0 = Debug|Any CPU
		{24FBFD89-0069-408A-A6BF-ECF0CA5E019E}.Release|Any CPU.ActiveCfg = Release|Any CPU
		{24FBFD89-0069-408A-A6BF-ECF0CA5E019E}.Release|Any CPU.Build.0 = Release|Any CPU
	EndGlobalSection
	GlobalSection(SolutionProperties) = preSolution
		HideSolutionNode = FALSE
	EndGlobalSection
	GlobalSection(ExtensibilityGlobals) = postSolution
		EnterpriseLibraryConfigurationToolBinariesPath = packages\Unity.2.1.505.2\lib\NET35
	EndGlobalSection
EndGlobal
