
Microsoft Visual Studio Solution File, Format Version 12.00
# Visual Studio 2013
VisualStudioVersion = 12.0.21005.1
MinimumVisualStudioVersion = 10.0.40219.1
Project("{2150E333-8FDC-42A3-9474-1A3956D46DE8}") = ".nuget", ".nuget", "{12D7B259-6BAB-4C0C-9841-83DADC7D36DA}"
	ProjectSection(SolutionItems) = preProject
		.nuget\NuGet.Config = .nuget\NuGet.Config
		.nuget\NuGet.exe = .nuget\NuGet.exe
		.nuget\NuGet.targets = .nuget\NuGet.targets
	EndProjectSection
EndProject
Project("{FAE04EC0-301F-11D3-BF4B-00C04F79EFBC}") = "QBank", "QBank\QBank.csproj", "{6E8292A4-3067-467F-9928-1B037FF826E6}"
EndProject
Project("{FAE04EC0-301F-11D3-BF4B-00C04F79EFBC}") = "QBank.BasicAccountModule", "QBank.BasicAccountModule\QBank.BasicAccountModule.csproj", "{FFD67B3D-BBEA-4697-AD69-9799AA305189}"
EndProject
Project("{FAE04EC0-301F-11D3-BF4B-00C04F79EFBC}") = "QBank.Model", "QBank.Model\QBank.Model.csproj", "{C8386F02-74E2-48D6-8D87-3F151203AC46}"
EndProject
Project("{FAE04EC0-301F-11D3-BF4B-00C04F79EFBC}") = "QBank.DataAccess", "QBank.DataAccess\QBank.DataAccess.csproj", "{1DA1F168-7E36-468A-AF9C-6167233200F5}"
EndProject
Project("{FAE04EC0-301F-11D3-BF4B-00C04F79EFBC}") = "QBank.Service", "QBank.Service\QBank.Service.csproj", "{90CAC7EC-480B-43D6-824F-6C59DA02F6F9}"
EndProject
Project("{FAE04EC0-301F-11D3-BF4B-00C04F79EFBC}") = "QBank.Infrastructure.Web", "QBank.Infrastructure.Web\QBank.Infrastructure.Web.csproj", "{24FBFD89-0069-408A-A6BF-ECF0CA5E019E}"
EndProject
Project("{FAE04EC0-301F-11D3-BF4B-00C04F79EFBC}") = "QBank.Api", "QBank.Api\QBank.Api.csproj", "{2E622B76-DE24-4398-BB9A-D6EB06723334}"
EndProject
Project("{FAE04EC0-301F-11D3-BF4B-00C04F79EFBC}") = "iOS.Client", "iOS.Client\iOS.Client.csproj", "{842ADB2E-6B84-48C8-820B-AA72955D78F2}"
EndProject
Project("{FAE04EC0-301F-11D3-BF4B-00C04F79EFBC}") = "Framework.iOS", "Framework.iOS\Framework.iOS.csproj", "{0166E991-1FED-4430-AF57-BC51E774B9A3}"
EndProject
Project("{FAE04EC0-301F-11D3-BF4B-00C04F79EFBC}") = "Shared", "Shared\Shared.csproj", "{F4E7F2FF-BD45-4E49-AEB5-3B5F34B17DBC}"
EndProject
Project("{FAE04EC0-301F-11D3-BF4B-00C04F79EFBC}") = "WP.Client", "WP.Client\WP.Client.csproj", "{827819F8-CF20-4795-BBFA-FD09A667EFBA}"
EndProject
Project("{FAE04EC0-301F-11D3-BF4B-00C04F79EFBC}") = "Android.Client", "Android.Client\Android.Client.csproj", "{68C61502-7224-4A5D-B0B2-933B42E8C8A4}"
EndProject
Global
	GlobalSection(SolutionConfigurationPlatforms) = preSolution
		Ad-Hoc|Any CPU = Ad-Hoc|Any CPU
		Ad-Hoc|ARM = Ad-Hoc|ARM
		Ad-Hoc|iPhone = Ad-Hoc|iPhone
		Ad-Hoc|iPhoneSimulator = Ad-Hoc|iPhoneSimulator
		Ad-Hoc|Mixed Platforms = Ad-Hoc|Mixed Platforms
		Ad-Hoc|x86 = Ad-Hoc|x86
		AppStore|Any CPU = AppStore|Any CPU
		AppStore|ARM = AppStore|ARM
		AppStore|iPhone = AppStore|iPhone
		AppStore|iPhoneSimulator = AppStore|iPhoneSimulator
		AppStore|Mixed Platforms = AppStore|Mixed Platforms
		AppStore|x86 = AppStore|x86
		Debug|Any CPU = Debug|Any CPU
		Debug|ARM = Debug|ARM
		Debug|iPhone = Debug|iPhone
		Debug|iPhoneSimulator = Debug|iPhoneSimulator
		Debug|Mixed Platforms = Debug|Mixed Platforms
		Debug|x86 = Debug|x86
		Release|Any CPU = Release|Any CPU
		Release|ARM = Release|ARM
		Release|iPhone = Release|iPhone
		Release|iPhoneSimulator = Release|iPhoneSimulator
		Release|Mixed Platforms = Release|Mixed Platforms
		Release|x86 = Release|x86
	EndGlobalSection
	GlobalSection(ProjectConfigurationPlatforms) = postSolution
		{6E8292A4-3067-467F-9928-1B037FF826E6}.Ad-Hoc|Any CPU.ActiveCfg = Release|Any CPU
		{6E8292A4-3067-467F-9928-1B037FF826E6}.Ad-Hoc|Any CPU.Build.0 = Release|Any CPU
		{6E8292A4-3067-467F-9928-1B037FF826E6}.Ad-Hoc|ARM.ActiveCfg = Release|Any CPU
		{6E8292A4-3067-467F-9928-1B037FF826E6}.Ad-Hoc|iPhone.ActiveCfg = Release|Any CPU
		{6E8292A4-3067-467F-9928-1B037FF826E6}.Ad-Hoc|iPhoneSimulator.ActiveCfg = Release|Any CPU
		{6E8292A4-3067-467F-9928-1B037FF826E6}.Ad-Hoc|Mixed Platforms.ActiveCfg = Release|Any CPU
		{6E8292A4-3067-467F-9928-1B037FF826E6}.Ad-Hoc|x86.ActiveCfg = Release|Any CPU
		{6E8292A4-3067-467F-9928-1B037FF826E6}.AppStore|Any CPU.ActiveCfg = Release|Any CPU
		{6E8292A4-3067-467F-9928-1B037FF826E6}.AppStore|Any CPU.Build.0 = Release|Any CPU
		{6E8292A4-3067-467F-9928-1B037FF826E6}.AppStore|ARM.ActiveCfg = Release|Any CPU
		{6E8292A4-3067-467F-9928-1B037FF826E6}.AppStore|iPhone.ActiveCfg = Release|Any CPU
		{6E8292A4-3067-467F-9928-1B037FF826E6}.AppStore|iPhoneSimulator.ActiveCfg = Release|Any CPU
		{6E8292A4-3067-467F-9928-1B037FF826E6}.AppStore|Mixed Platforms.ActiveCfg = Release|Any CPU
		{6E8292A4-3067-467F-9928-1B037FF826E6}.AppStore|x86.ActiveCfg = Release|Any CPU
		{6E8292A4-3067-467F-9928-1B037FF826E6}.Debug|Any CPU.ActiveCfg = Debug|Any CPU
		{6E8292A4-3067-467F-9928-1B037FF826E6}.Debug|Any CPU.Build.0 = Debug|Any CPU
		{6E8292A4-3067-467F-9928-1B037FF826E6}.Debug|ARM.ActiveCfg = Debug|Any CPU
		{6E8292A4-3067-467F-9928-1B037FF826E6}.Debug|iPhone.ActiveCfg = Debug|Any CPU
		{6E8292A4-3067-467F-9928-1B037FF826E6}.Debug|iPhoneSimulator.ActiveCfg = Debug|Any CPU
		{6E8292A4-3067-467F-9928-1B037FF826E6}.Debug|Mixed Platforms.ActiveCfg = Debug|Any CPU
		{6E8292A4-3067-467F-9928-1B037FF826E6}.Debug|x86.ActiveCfg = Debug|Any CPU
		{6E8292A4-3067-467F-9928-1B037FF826E6}.Release|Any CPU.ActiveCfg = Release|Any CPU
		{6E8292A4-3067-467F-9928-1B037FF826E6}.Release|Any CPU.Build.0 = Release|Any CPU
		{6E8292A4-3067-467F-9928-1B037FF826E6}.Release|ARM.ActiveCfg = Release|Any CPU
		{6E8292A4-3067-467F-9928-1B037FF826E6}.Release|iPhone.ActiveCfg = Release|Any CPU
		{6E8292A4-3067-467F-9928-1B037FF826E6}.Release|iPhoneSimulator.ActiveCfg = Release|Any CPU
		{6E8292A4-3067-467F-9928-1B037FF826E6}.Release|Mixed Platforms.ActiveCfg = Release|Any CPU
		{6E8292A4-3067-467F-9928-1B037FF826E6}.Release|x86.ActiveCfg = Release|Any CPU
		{FFD67B3D-BBEA-4697-AD69-9799AA305189}.Ad-Hoc|Any CPU.ActiveCfg = Release|Any CPU
		{FFD67B3D-BBEA-4697-AD69-9799AA305189}.Ad-Hoc|Any CPU.Build.0 = Release|Any CPU
		{FFD67B3D-BBEA-4697-AD69-9799AA305189}.Ad-Hoc|ARM.ActiveCfg = Release|Any CPU
		{FFD67B3D-BBEA-4697-AD69-9799AA305189}.Ad-Hoc|iPhone.ActiveCfg = Release|Any CPU
		{FFD67B3D-BBEA-4697-AD69-9799AA305189}.Ad-Hoc|iPhoneSimulator.ActiveCfg = Release|Any CPU
		{FFD67B3D-BBEA-4697-AD69-9799AA305189}.Ad-Hoc|Mixed Platforms.ActiveCfg = Release|Any CPU
		{FFD67B3D-BBEA-4697-AD69-9799AA305189}.Ad-Hoc|x86.ActiveCfg = Release|Any CPU
		{FFD67B3D-BBEA-4697-AD69-9799AA305189}.AppStore|Any CPU.ActiveCfg = Release|Any CPU
		{FFD67B3D-BBEA-4697-AD69-9799AA305189}.AppStore|Any CPU.Build.0 = Release|Any CPU
		{FFD67B3D-BBEA-4697-AD69-9799AA305189}.AppStore|ARM.ActiveCfg = Release|Any CPU
		{FFD67B3D-BBEA-4697-AD69-9799AA305189}.AppStore|iPhone.ActiveCfg = Release|Any CPU
		{FFD67B3D-BBEA-4697-AD69-9799AA305189}.AppStore|iPhoneSimulator.ActiveCfg = Release|Any CPU
		{FFD67B3D-BBEA-4697-AD69-9799AA305189}.AppStore|Mixed Platforms.ActiveCfg = Release|Any CPU
		{FFD67B3D-BBEA-4697-AD69-9799AA305189}.AppStore|x86.ActiveCfg = Release|Any CPU
		{FFD67B3D-BBEA-4697-AD69-9799AA305189}.Debug|Any CPU.ActiveCfg = Debug|Any CPU
		{FFD67B3D-BBEA-4697-AD69-9799AA305189}.Debug|Any CPU.Build.0 = Debug|Any CPU
		{FFD67B3D-BBEA-4697-AD69-9799AA305189}.Debug|ARM.ActiveCfg = Debug|Any CPU
		{FFD67B3D-BBEA-4697-AD69-9799AA305189}.Debug|iPhone.ActiveCfg = Debug|Any CPU
		{FFD67B3D-BBEA-4697-AD69-9799AA305189}.Debug|iPhoneSimulator.ActiveCfg = Debug|Any CPU
		{FFD67B3D-BBEA-4697-AD69-9799AA305189}.Debug|Mixed Platforms.ActiveCfg = Debug|Any CPU
		{FFD67B3D-BBEA-4697-AD69-9799AA305189}.Debug|x86.ActiveCfg = Debug|Any CPU
		{FFD67B3D-BBEA-4697-AD69-9799AA305189}.Release|Any CPU.ActiveCfg = Release|Any CPU
		{FFD67B3D-BBEA-4697-AD69-9799AA305189}.Release|Any CPU.Build.0 = Release|Any CPU
		{FFD67B3D-BBEA-4697-AD69-9799AA305189}.Release|ARM.ActiveCfg = Release|Any CPU
		{FFD67B3D-BBEA-4697-AD69-9799AA305189}.Release|iPhone.ActiveCfg = Release|Any CPU
		{FFD67B3D-BBEA-4697-AD69-9799AA305189}.Release|iPhoneSimulator.ActiveCfg = Release|Any CPU
		{FFD67B3D-BBEA-4697-AD69-9799AA305189}.Release|Mixed Platforms.ActiveCfg = Release|Any CPU
		{FFD67B3D-BBEA-4697-AD69-9799AA305189}.Release|x86.ActiveCfg = Release|Any CPU
		{C8386F02-74E2-48D6-8D87-3F151203AC46}.Ad-Hoc|Any CPU.ActiveCfg = Release|Any CPU
		{C8386F02-74E2-48D6-8D87-3F151203AC46}.Ad-Hoc|Any CPU.Build.0 = Release|Any CPU
		{C8386F02-74E2-48D6-8D87-3F151203AC46}.Ad-Hoc|ARM.ActiveCfg = Release|Any CPU
		{C8386F02-74E2-48D6-8D87-3F151203AC46}.Ad-Hoc|iPhone.ActiveCfg = Debug|Any CPU
		{C8386F02-74E2-48D6-8D87-3F151203AC46}.Ad-Hoc|iPhone.Build.0 = Debug|Any CPU
		{C8386F02-74E2-48D6-8D87-3F151203AC46}.Ad-Hoc|iPhoneSimulator.ActiveCfg = Release|Any CPU
		{C8386F02-74E2-48D6-8D87-3F151203AC46}.Ad-Hoc|Mixed Platforms.ActiveCfg = Release|Any CPU
		{C8386F02-74E2-48D6-8D87-3F151203AC46}.Ad-Hoc|Mixed Platforms.Build.0 = Release|Any CPU
		{C8386F02-74E2-48D6-8D87-3F151203AC46}.Ad-Hoc|x86.ActiveCfg = Release|Any CPU
		{C8386F02-74E2-48D6-8D87-3F151203AC46}.AppStore|Any CPU.ActiveCfg = Release|Any CPU
		{C8386F02-74E2-48D6-8D87-3F151203AC46}.AppStore|Any CPU.Build.0 = Release|Any CPU
		{C8386F02-74E2-48D6-8D87-3F151203AC46}.AppStore|ARM.ActiveCfg = Release|Any CPU
		{C8386F02-74E2-48D6-8D87-3F151203AC46}.AppStore|iPhone.ActiveCfg = Debug|Any CPU
		{C8386F02-74E2-48D6-8D87-3F151203AC46}.AppStore|iPhone.Build.0 = Debug|Any CPU
		{C8386F02-74E2-48D6-8D87-3F151203AC46}.AppStore|iPhoneSimulator.ActiveCfg = Release|Any CPU
		{C8386F02-74E2-48D6-8D87-3F151203AC46}.AppStore|Mixed Platforms.ActiveCfg = Release|Any CPU
		{C8386F02-74E2-48D6-8D87-3F151203AC46}.AppStore|Mixed Platforms.Build.0 = Release|Any CPU
		{C8386F02-74E2-48D6-8D87-3F151203AC46}.AppStore|x86.ActiveCfg = Release|Any CPU
		{C8386F02-74E2-48D6-8D87-3F151203AC46}.Debug|Any CPU.ActiveCfg = Debug|Any CPU
		{C8386F02-74E2-48D6-8D87-3F151203AC46}.Debug|Any CPU.Build.0 = Debug|Any CPU
		{C8386F02-74E2-48D6-8D87-3F151203AC46}.Debug|ARM.ActiveCfg = Debug|Any CPU
		{C8386F02-74E2-48D6-8D87-3F151203AC46}.Debug|iPhone.ActiveCfg = Debug|Any CPU
		{C8386F02-74E2-48D6-8D87-3F151203AC46}.Debug|iPhone.Build.0 = Debug|Any CPU
		{C8386F02-74E2-48D6-8D87-3F151203AC46}.Debug|iPhoneSimulator.ActiveCfg = Debug|Any CPU
		{C8386F02-74E2-48D6-8D87-3F151203AC46}.Debug|iPhoneSimulator.Build.0 = Debug|Any CPU
		{C8386F02-74E2-48D6-8D87-3F151203AC46}.Debug|Mixed Platforms.ActiveCfg = Debug|Any CPU
		{C8386F02-74E2-48D6-8D87-3F151203AC46}.Debug|Mixed Platforms.Build.0 = Debug|Any CPU
		{C8386F02-74E2-48D6-8D87-3F151203AC46}.Debug|x86.ActiveCfg = Debug|Any CPU
		{C8386F02-74E2-48D6-8D87-3F151203AC46}.Release|Any CPU.ActiveCfg = Release|Any CPU
		{C8386F02-74E2-48D6-8D87-3F151203AC46}.Release|Any CPU.Build.0 = Release|Any CPU
		{C8386F02-74E2-48D6-8D87-3F151203AC46}.Release|ARM.ActiveCfg = Release|Any CPU
		{C8386F02-74E2-48D6-8D87-3F151203AC46}.Release|iPhone.ActiveCfg = Release|Any CPU
		{C8386F02-74E2-48D6-8D87-3F151203AC46}.Release|iPhone.Build.0 = Release|Any CPU
		{C8386F02-74E2-48D6-8D87-3F151203AC46}.Release|iPhoneSimulator.ActiveCfg = Release|Any CPU
		{C8386F02-74E2-48D6-8D87-3F151203AC46}.Release|iPhoneSimulator.Build.0 = Release|Any CPU
		{C8386F02-74E2-48D6-8D87-3F151203AC46}.Release|Mixed Platforms.ActiveCfg = Release|Any CPU
		{C8386F02-74E2-48D6-8D87-3F151203AC46}.Release|Mixed Platforms.Build.0 = Release|Any CPU
		{C8386F02-74E2-48D6-8D87-3F151203AC46}.Release|x86.ActiveCfg = Release|Any CPU
		{1DA1F168-7E36-468A-AF9C-6167233200F5}.Ad-Hoc|Any CPU.ActiveCfg = Release|Any CPU
		{1DA1F168-7E36-468A-AF9C-6167233200F5}.Ad-Hoc|Any CPU.Build.0 = Release|Any CPU
		{1DA1F168-7E36-468A-AF9C-6167233200F5}.Ad-Hoc|ARM.ActiveCfg = Release|Any CPU
		{1DA1F168-7E36-468A-AF9C-6167233200F5}.Ad-Hoc|iPhone.ActiveCfg = Debug|Any CPU
		{1DA1F168-7E36-468A-AF9C-6167233200F5}.Ad-Hoc|iPhone.Build.0 = Debug|Any CPU
		{1DA1F168-7E36-468A-AF9C-6167233200F5}.Ad-Hoc|iPhoneSimulator.ActiveCfg = Release|Any CPU
		{1DA1F168-7E36-468A-AF9C-6167233200F5}.Ad-Hoc|Mixed Platforms.ActiveCfg = Release|Any CPU
		{1DA1F168-7E36-468A-AF9C-6167233200F5}.Ad-Hoc|Mixed Platforms.Build.0 = Release|Any CPU
		{1DA1F168-7E36-468A-AF9C-6167233200F5}.Ad-Hoc|x86.ActiveCfg = Release|Any CPU
		{1DA1F168-7E36-468A-AF9C-6167233200F5}.AppStore|Any CPU.ActiveCfg = Release|Any CPU
		{1DA1F168-7E36-468A-AF9C-6167233200F5}.AppStore|Any CPU.Build.0 = Release|Any CPU
		{1DA1F168-7E36-468A-AF9C-6167233200F5}.AppStore|ARM.ActiveCfg = Release|Any CPU
		{1DA1F168-7E36-468A-AF9C-6167233200F5}.AppStore|iPhone.ActiveCfg = Debug|Any CPU
		{1DA1F168-7E36-468A-AF9C-6167233200F5}.AppStore|iPhone.Build.0 = Debug|Any CPU
		{1DA1F168-7E36-468A-AF9C-6167233200F5}.AppStore|iPhoneSimulator.ActiveCfg = Release|Any CPU
		{1DA1F168-7E36-468A-AF9C-6167233200F5}.AppStore|Mixed Platforms.ActiveCfg = Release|Any CPU
		{1DA1F168-7E36-468A-AF9C-6167233200F5}.AppStore|Mixed Platforms.Build.0 = Release|Any CPU
		{1DA1F168-7E36-468A-AF9C-6167233200F5}.AppStore|x86.ActiveCfg = Release|Any CPU
		{1DA1F168-7E36-468A-AF9C-6167233200F5}.Debug|Any CPU.ActiveCfg = Debug|Any CPU
		{1DA1F168-7E36-468A-AF9C-6167233200F5}.Debug|Any CPU.Build.0 = Debug|Any CPU
		{1DA1F168-7E36-468A-AF9C-6167233200F5}.Debug|ARM.ActiveCfg = Debug|Any CPU
		{1DA1F168-7E36-468A-AF9C-6167233200F5}.Debug|iPhone.ActiveCfg = Debug|Any CPU
		{1DA1F168-7E36-468A-AF9C-6167233200F5}.Debug|iPhone.Build.0 = Debug|Any CPU
		{1DA1F168-7E36-468A-AF9C-6167233200F5}.Debug|iPhoneSimulator.ActiveCfg = Debug|Any CPU
		{1DA1F168-7E36-468A-AF9C-6167233200F5}.Debug|iPhoneSimulator.Build.0 = Debug|Any CPU
		{1DA1F168-7E36-468A-AF9C-6167233200F5}.Debug|Mixed Platforms.ActiveCfg = Debug|Any CPU
		{1DA1F168-7E36-468A-AF9C-6167233200F5}.Debug|Mixed Platforms.Build.0 = Debug|Any CPU
		{1DA1F168-7E36-468A-AF9C-6167233200F5}.Debug|x86.ActiveCfg = Debug|Any CPU
		{1DA1F168-7E36-468A-AF9C-6167233200F5}.Release|Any CPU.ActiveCfg = Release|Any CPU
		{1DA1F168-7E36-468A-AF9C-6167233200F5}.Release|Any CPU.Build.0 = Release|Any CPU
		{1DA1F168-7E36-468A-AF9C-6167233200F5}.Release|ARM.ActiveCfg = Release|Any CPU
		{1DA1F168-7E36-468A-AF9C-6167233200F5}.Release|iPhone.ActiveCfg = Release|Any CPU
		{1DA1F168-7E36-468A-AF9C-6167233200F5}.Release|iPhone.Build.0 = Release|Any CPU
		{1DA1F168-7E36-468A-AF9C-6167233200F5}.Release|iPhoneSimulator.ActiveCfg = Release|Any CPU
		{1DA1F168-7E36-468A-AF9C-6167233200F5}.Release|iPhoneSimulator.Build.0 = Release|Any CPU
		{1DA1F168-7E36-468A-AF9C-6167233200F5}.Release|Mixed Platforms.ActiveCfg = Release|Any CPU
		{1DA1F168-7E36-468A-AF9C-6167233200F5}.Release|Mixed Platforms.Build.0 = Release|Any CPU
		{1DA1F168-7E36-468A-AF9C-6167233200F5}.Release|x86.ActiveCfg = Release|Any CPU
		{90CAC7EC-480B-43D6-824F-6C59DA02F6F9}.Ad-Hoc|Any CPU.ActiveCfg = Release|Any CPU
		{90CAC7EC-480B-43D6-824F-6C59DA02F6F9}.Ad-Hoc|Any CPU.Build.0 = Release|Any CPU
		{90CAC7EC-480B-43D6-824F-6C59DA02F6F9}.Ad-Hoc|ARM.ActiveCfg = Release|Any CPU
		{90CAC7EC-480B-43D6-824F-6C59DA02F6F9}.Ad-Hoc|iPhone.ActiveCfg = Debug|Any CPU
		{90CAC7EC-480B-43D6-824F-6C59DA02F6F9}.Ad-Hoc|iPhone.Build.0 = Debug|Any CPU
		{90CAC7EC-480B-43D6-824F-6C59DA02F6F9}.Ad-Hoc|iPhoneSimulator.ActiveCfg = Release|Any CPU
		{90CAC7EC-480B-43D6-824F-6C59DA02F6F9}.Ad-Hoc|Mixed Platforms.ActiveCfg = Release|Any CPU
		{90CAC7EC-480B-43D6-824F-6C59DA02F6F9}.Ad-Hoc|Mixed Platforms.Build.0 = Release|Any CPU
		{90CAC7EC-480B-43D6-824F-6C59DA02F6F9}.Ad-Hoc|x86.ActiveCfg = Release|Any CPU
		{90CAC7EC-480B-43D6-824F-6C59DA02F6F9}.AppStore|Any CPU.ActiveCfg = Release|Any CPU
		{90CAC7EC-480B-43D6-824F-6C59DA02F6F9}.AppStore|Any CPU.Build.0 = Release|Any CPU
		{90CAC7EC-480B-43D6-824F-6C59DA02F6F9}.AppStore|ARM.ActiveCfg = Release|Any CPU
		{90CAC7EC-480B-43D6-824F-6C59DA02F6F9}.AppStore|iPhone.ActiveCfg = Debug|Any CPU
		{90CAC7EC-480B-43D6-824F-6C59DA02F6F9}.AppStore|iPhone.Build.0 = Debug|Any CPU
		{90CAC7EC-480B-43D6-824F-6C59DA02F6F9}.AppStore|iPhoneSimulator.ActiveCfg = Release|Any CPU
		{90CAC7EC-480B-43D6-824F-6C59DA02F6F9}.AppStore|Mixed Platforms.ActiveCfg = Release|Any CPU
		{90CAC7EC-480B-43D6-824F-6C59DA02F6F9}.AppStore|Mixed Platforms.Build.0 = Release|Any CPU
		{90CAC7EC-480B-43D6-824F-6C59DA02F6F9}.AppStore|x86.ActiveCfg = Release|Any CPU
		{90CAC7EC-480B-43D6-824F-6C59DA02F6F9}.Debug|Any CPU.ActiveCfg = Debug|Any CPU
		{90CAC7EC-480B-43D6-824F-6C59DA02F6F9}.Debug|Any CPU.Build.0 = Debug|Any CPU
		{90CAC7EC-480B-43D6-824F-6C59DA02F6F9}.Debug|ARM.ActiveCfg = Debug|Any CPU
		{90CAC7EC-480B-43D6-824F-6C59DA02F6F9}.Debug|iPhone.ActiveCfg = Debug|Any CPU
		{90CAC7EC-480B-43D6-824F-6C59DA02F6F9}.Debug|iPhone.Build.0 = Debug|Any CPU
		{90CAC7EC-480B-43D6-824F-6C59DA02F6F9}.Debug|iPhoneSimulator.ActiveCfg = Debug|Any CPU
		{90CAC7EC-480B-43D6-824F-6C59DA02F6F9}.Debug|iPhoneSimulator.Build.0 = Debug|Any CPU
		{90CAC7EC-480B-43D6-824F-6C59DA02F6F9}.Debug|Mixed Platforms.ActiveCfg = Debug|Any CPU
		{90CAC7EC-480B-43D6-824F-6C59DA02F6F9}.Debug|Mixed Platforms.Build.0 = Debug|Any CPU
		{90CAC7EC-480B-43D6-824F-6C59DA02F6F9}.Debug|x86.ActiveCfg = Debug|Any CPU
		{90CAC7EC-480B-43D6-824F-6C59DA02F6F9}.Release|Any CPU.ActiveCfg = Release|Any CPU
		{90CAC7EC-480B-43D6-824F-6C59DA02F6F9}.Release|Any CPU.Build.0 = Release|Any CPU
		{90CAC7EC-480B-43D6-824F-6C59DA02F6F9}.Release|ARM.ActiveCfg = Release|Any CPU
		{90CAC7EC-480B-43D6-824F-6C59DA02F6F9}.Release|iPhone.ActiveCfg = Release|Any CPU
		{90CAC7EC-480B-43D6-824F-6C59DA02F6F9}.Release|iPhone.Build.0 = Release|Any CPU
		{90CAC7EC-480B-43D6-824F-6C59DA02F6F9}.Release|iPhoneSimulator.ActiveCfg = Release|Any CPU
		{90CAC7EC-480B-43D6-824F-6C59DA02F6F9}.Release|iPhoneSimulator.Build.0 = Release|Any CPU
		{90CAC7EC-480B-43D6-824F-6C59DA02F6F9}.Release|Mixed Platforms.ActiveCfg = Release|Any CPU
		{90CAC7EC-480B-43D6-824F-6C59DA02F6F9}.Release|Mixed Platforms.Build.0 = Release|Any CPU
		{90CAC7EC-480B-43D6-824F-6C59DA02F6F9}.Release|x86.ActiveCfg = Release|Any CPU
		{24FBFD89-0069-408A-A6BF-ECF0CA5E019E}.Ad-Hoc|Any CPU.ActiveCfg = Release|Any CPU
		{24FBFD89-0069-408A-A6BF-ECF0CA5E019E}.Ad-Hoc|Any CPU.Build.0 = Release|Any CPU
		{24FBFD89-0069-408A-A6BF-ECF0CA5E019E}.Ad-Hoc|ARM.ActiveCfg = Release|Any CPU
		{24FBFD89-0069-408A-A6BF-ECF0CA5E019E}.Ad-Hoc|iPhone.ActiveCfg = Debug|Any CPU
		{24FBFD89-0069-408A-A6BF-ECF0CA5E019E}.Ad-Hoc|iPhone.Build.0 = Debug|Any CPU
		{24FBFD89-0069-408A-A6BF-ECF0CA5E019E}.Ad-Hoc|iPhoneSimulator.ActiveCfg = Release|Any CPU
		{24FBFD89-0069-408A-A6BF-ECF0CA5E019E}.Ad-Hoc|Mixed Platforms.ActiveCfg = Release|Any CPU
		{24FBFD89-0069-408A-A6BF-ECF0CA5E019E}.Ad-Hoc|Mixed Platforms.Build.0 = Release|Any CPU
		{24FBFD89-0069-408A-A6BF-ECF0CA5E019E}.Ad-Hoc|x86.ActiveCfg = Release|Any CPU
		{24FBFD89-0069-408A-A6BF-ECF0CA5E019E}.AppStore|Any CPU.ActiveCfg = Release|Any CPU
		{24FBFD89-0069-408A-A6BF-ECF0CA5E019E}.AppStore|Any CPU.Build.0 = Release|Any CPU
		{24FBFD89-0069-408A-A6BF-ECF0CA5E019E}.AppStore|ARM.ActiveCfg = Release|Any CPU
		{24FBFD89-0069-408A-A6BF-ECF0CA5E019E}.AppStore|iPhone.ActiveCfg = Debug|Any CPU
		{24FBFD89-0069-408A-A6BF-ECF0CA5E019E}.AppStore|iPhone.Build.0 = Debug|Any CPU
		{24FBFD89-0069-408A-A6BF-ECF0CA5E019E}.AppStore|iPhoneSimulator.ActiveCfg = Release|Any CPU
		{24FBFD89-0069-408A-A6BF-ECF0CA5E019E}.AppStore|Mixed Platforms.ActiveCfg = Release|Any CPU
		{24FBFD89-0069-408A-A6BF-ECF0CA5E019E}.AppStore|Mixed Platforms.Build.0 = Release|Any CPU
		{24FBFD89-0069-408A-A6BF-ECF0CA5E019E}.AppStore|x86.ActiveCfg = Release|Any CPU
		{24FBFD89-0069-408A-A6BF-ECF0CA5E019E}.Debug|Any CPU.ActiveCfg = Debug|Any CPU
		{24FBFD89-0069-408A-A6BF-ECF0CA5E019E}.Debug|Any CPU.Build.0 = Debug|Any CPU
		{24FBFD89-0069-408A-A6BF-ECF0CA5E019E}.Debug|ARM.ActiveCfg = Debug|Any CPU
		{24FBFD89-0069-408A-A6BF-ECF0CA5E019E}.Debug|iPhone.ActiveCfg = Debug|Any CPU
		{24FBFD89-0069-408A-A6BF-ECF0CA5E019E}.Debug|iPhone.Build.0 = Debug|Any CPU
		{24FBFD89-0069-408A-A6BF-ECF0CA5E019E}.Debug|iPhoneSimulator.ActiveCfg = Debug|Any CPU
		{24FBFD89-0069-408A-A6BF-ECF0CA5E019E}.Debug|iPhoneSimulator.Build.0 = Debug|Any CPU
		{24FBFD89-0069-408A-A6BF-ECF0CA5E019E}.Debug|Mixed Platforms.ActiveCfg = Debug|Any CPU
		{24FBFD89-0069-408A-A6BF-ECF0CA5E019E}.Debug|Mixed Platforms.Build.0 = Debug|Any CPU
		{24FBFD89-0069-408A-A6BF-ECF0CA5E019E}.Debug|x86.ActiveCfg = Debug|Any CPU
		{24FBFD89-0069-408A-A6BF-ECF0CA5E019E}.Release|Any CPU.ActiveCfg = Release|Any CPU
		{24FBFD89-0069-408A-A6BF-ECF0CA5E019E}.Release|Any CPU.Build.0 = Release|Any CPU
		{24FBFD89-0069-408A-A6BF-ECF0CA5E019E}.Release|ARM.ActiveCfg = Release|Any CPU
		{24FBFD89-0069-408A-A6BF-ECF0CA5E019E}.Release|iPhone.ActiveCfg = Release|Any CPU
		{24FBFD89-0069-408A-A6BF-ECF0CA5E019E}.Release|iPhone.Build.0 = Release|Any CPU
		{24FBFD89-0069-408A-A6BF-ECF0CA5E019E}.Release|iPhoneSimulator.ActiveCfg = Release|Any CPU
		{24FBFD89-0069-408A-A6BF-ECF0CA5E019E}.Release|iPhoneSimulator.Build.0 = Release|Any CPU
		{24FBFD89-0069-408A-A6BF-ECF0CA5E019E}.Release|Mixed Platforms.ActiveCfg = Release|Any CPU
		{24FBFD89-0069-408A-A6BF-ECF0CA5E019E}.Release|Mixed Platforms.Build.0 = Release|Any CPU
		{24FBFD89-0069-408A-A6BF-ECF0CA5E019E}.Release|x86.ActiveCfg = Release|Any CPU
		{2E622B76-DE24-4398-BB9A-D6EB06723334}.Ad-Hoc|Any CPU.ActiveCfg = Release|Any CPU
		{2E622B76-DE24-4398-BB9A-D6EB06723334}.Ad-Hoc|Any CPU.Build.0 = Release|Any CPU
		{2E622B76-DE24-4398-BB9A-D6EB06723334}.Ad-Hoc|ARM.ActiveCfg = Release|Any CPU
		{2E622B76-DE24-4398-BB9A-D6EB06723334}.Ad-Hoc|iPhone.ActiveCfg = Debug|Any CPU
		{2E622B76-DE24-4398-BB9A-D6EB06723334}.Ad-Hoc|iPhone.Build.0 = Debug|Any CPU
		{2E622B76-DE24-4398-BB9A-D6EB06723334}.Ad-Hoc|iPhoneSimulator.ActiveCfg = Release|Any CPU
		{2E622B76-DE24-4398-BB9A-D6EB06723334}.Ad-Hoc|Mixed Platforms.ActiveCfg = Release|Any CPU
		{2E622B76-DE24-4398-BB9A-D6EB06723334}.Ad-Hoc|Mixed Platforms.Build.0 = Release|Any CPU
		{2E622B76-DE24-4398-BB9A-D6EB06723334}.Ad-Hoc|x86.ActiveCfg = Release|Any CPU
		{2E622B76-DE24-4398-BB9A-D6EB06723334}.AppStore|Any CPU.ActiveCfg = Release|Any CPU
		{2E622B76-DE24-4398-BB9A-D6EB06723334}.AppStore|Any CPU.Build.0 = Release|Any CPU
		{2E622B76-DE24-4398-BB9A-D6EB06723334}.AppStore|ARM.ActiveCfg = Release|Any CPU
		{2E622B76-DE24-4398-BB9A-D6EB06723334}.AppStore|iPhone.ActiveCfg = Debug|Any CPU
		{2E622B76-DE24-4398-BB9A-D6EB06723334}.AppStore|iPhone.Build.0 = Debug|Any CPU
		{2E622B76-DE24-4398-BB9A-D6EB06723334}.AppStore|iPhoneSimulator.ActiveCfg = Release|Any CPU
		{2E622B76-DE24-4398-BB9A-D6EB06723334}.AppStore|Mixed Platforms.ActiveCfg = Release|Any CPU
		{2E622B76-DE24-4398-BB9A-D6EB06723334}.AppStore|Mixed Platforms.Build.0 = Release|Any CPU
		{2E622B76-DE24-4398-BB9A-D6EB06723334}.AppStore|x86.ActiveCfg = Release|Any CPU
		{2E622B76-DE24-4398-BB9A-D6EB06723334}.Debug|Any CPU.ActiveCfg = Debug|Any CPU
		{2E622B76-DE24-4398-BB9A-D6EB06723334}.Debug|Any CPU.Build.0 = Debug|Any CPU
		{2E622B76-DE24-4398-BB9A-D6EB06723334}.Debug|ARM.ActiveCfg = Debug|Any CPU
		{2E622B76-DE24-4398-BB9A-D6EB06723334}.Debug|iPhone.ActiveCfg = Debug|Any CPU
		{2E622B76-DE24-4398-BB9A-D6EB06723334}.Debug|iPhone.Build.0 = Debug|Any CPU
		{2E622B76-DE24-4398-BB9A-D6EB06723334}.Debug|iPhoneSimulator.ActiveCfg = Debug|Any CPU
		{2E622B76-DE24-4398-BB9A-D6EB06723334}.Debug|iPhoneSimulator.Build.0 = Debug|Any CPU
		{2E622B76-DE24-4398-BB9A-D6EB06723334}.Debug|Mixed Platforms.ActiveCfg = Debug|Any CPU
		{2E622B76-DE24-4398-BB9A-D6EB06723334}.Debug|Mixed Platforms.Build.0 = Debug|Any CPU
		{2E622B76-DE24-4398-BB9A-D6EB06723334}.Debug|x86.ActiveCfg = Debug|Any CPU
		{2E622B76-DE24-4398-BB9A-D6EB06723334}.Release|Any CPU.ActiveCfg = Release|Any CPU
		{2E622B76-DE24-4398-BB9A-D6EB06723334}.Release|Any CPU.Build.0 = Release|Any CPU
		{2E622B76-DE24-4398-BB9A-D6EB06723334}.Release|ARM.ActiveCfg = Release|Any CPU
		{2E622B76-DE24-4398-BB9A-D6EB06723334}.Release|iPhone.ActiveCfg = Release|Any CPU
		{2E622B76-DE24-4398-BB9A-D6EB06723334}.Release|iPhone.Build.0 = Release|Any CPU
		{2E622B76-DE24-4398-BB9A-D6EB06723334}.Release|iPhoneSimulator.ActiveCfg = Release|Any CPU
		{2E622B76-DE24-4398-BB9A-D6EB06723334}.Release|iPhoneSimulator.Build.0 = Release|Any CPU
		{2E622B76-DE24-4398-BB9A-D6EB06723334}.Release|Mixed Platforms.ActiveCfg = Release|Any CPU
		{2E622B76-DE24-4398-BB9A-D6EB06723334}.Release|Mixed Platforms.Build.0 = Release|Any CPU
		{2E622B76-DE24-4398-BB9A-D6EB06723334}.Release|x86.ActiveCfg = Release|Any CPU
		{842ADB2E-6B84-48C8-820B-AA72955D78F2}.Ad-Hoc|Any CPU.ActiveCfg = Ad-Hoc|iPhoneSimulator
		{842ADB2E-6B84-48C8-820B-AA72955D78F2}.Ad-Hoc|ARM.ActiveCfg = Ad-Hoc|iPhoneSimulator
		{842ADB2E-6B84-48C8-820B-AA72955D78F2}.Ad-Hoc|iPhone.ActiveCfg = Ad-Hoc|iPhone
		{842ADB2E-6B84-48C8-820B-AA72955D78F2}.Ad-Hoc|iPhone.Build.0 = Ad-Hoc|iPhone
		{842ADB2E-6B84-48C8-820B-AA72955D78F2}.Ad-Hoc|iPhoneSimulator.ActiveCfg = Ad-Hoc|iPhoneSimulator
		{842ADB2E-6B84-48C8-820B-AA72955D78F2}.Ad-Hoc|iPhoneSimulator.Build.0 = Ad-Hoc|iPhoneSimulator
		{842ADB2E-6B84-48C8-820B-AA72955D78F2}.Ad-Hoc|iPhoneSimulator.Deploy.0 = Ad-Hoc|iPhoneSimulator
		{842ADB2E-6B84-48C8-820B-AA72955D78F2}.Ad-Hoc|Mixed Platforms.ActiveCfg = Ad-Hoc|iPhoneSimulator
		{842ADB2E-6B84-48C8-820B-AA72955D78F2}.Ad-Hoc|Mixed Platforms.Build.0 = Ad-Hoc|iPhoneSimulator
		{842ADB2E-6B84-48C8-820B-AA72955D78F2}.Ad-Hoc|Mixed Platforms.Deploy.0 = Ad-Hoc|iPhoneSimulator
		{842ADB2E-6B84-48C8-820B-AA72955D78F2}.Ad-Hoc|x86.ActiveCfg = Ad-Hoc|iPhoneSimulator
		{842ADB2E-6B84-48C8-820B-AA72955D78F2}.AppStore|Any CPU.ActiveCfg = AppStore|iPhoneSimulator
		{842ADB2E-6B84-48C8-820B-AA72955D78F2}.AppStore|ARM.ActiveCfg = AppStore|iPhoneSimulator
		{842ADB2E-6B84-48C8-820B-AA72955D78F2}.AppStore|iPhone.ActiveCfg = AppStore|iPhone
		{842ADB2E-6B84-48C8-820B-AA72955D78F2}.AppStore|iPhone.Build.0 = AppStore|iPhone
		{842ADB2E-6B84-48C8-820B-AA72955D78F2}.AppStore|iPhoneSimulator.ActiveCfg = AppStore|iPhoneSimulator
		{842ADB2E-6B84-48C8-820B-AA72955D78F2}.AppStore|iPhoneSimulator.Build.0 = AppStore|iPhoneSimulator
		{842ADB2E-6B84-48C8-820B-AA72955D78F2}.AppStore|iPhoneSimulator.Deploy.0 = AppStore|iPhoneSimulator
		{842ADB2E-6B84-48C8-820B-AA72955D78F2}.AppStore|Mixed Platforms.ActiveCfg = AppStore|iPhoneSimulator
		{842ADB2E-6B84-48C8-820B-AA72955D78F2}.AppStore|Mixed Platforms.Build.0 = AppStore|iPhoneSimulator
		{842ADB2E-6B84-48C8-820B-AA72955D78F2}.AppStore|Mixed Platforms.Deploy.0 = AppStore|iPhoneSimulator
		{842ADB2E-6B84-48C8-820B-AA72955D78F2}.AppStore|x86.ActiveCfg = AppStore|iPhoneSimulator
		{842ADB2E-6B84-48C8-820B-AA72955D78F2}.Debug|Any CPU.ActiveCfg = Debug|iPhoneSimulator
		{842ADB2E-6B84-48C8-820B-AA72955D78F2}.Debug|Any CPU.Build.0 = Debug|iPhoneSimulator
		{842ADB2E-6B84-48C8-820B-AA72955D78F2}.Debug|ARM.ActiveCfg = Debug|iPhone
		{842ADB2E-6B84-48C8-820B-AA72955D78F2}.Debug|iPhone.ActiveCfg = Debug|iPhone
		{842ADB2E-6B84-48C8-820B-AA72955D78F2}.Debug|iPhone.Build.0 = Debug|iPhone
		{842ADB2E-6B84-48C8-820B-AA72955D78F2}.Debug|iPhoneSimulator.ActiveCfg = Debug|iPhoneSimulator
		{842ADB2E-6B84-48C8-820B-AA72955D78F2}.Debug|iPhoneSimulator.Build.0 = Debug|iPhoneSimulator
		{842ADB2E-6B84-48C8-820B-AA72955D78F2}.Debug|Mixed Platforms.ActiveCfg = Debug|iPhone
		{842ADB2E-6B84-48C8-820B-AA72955D78F2}.Debug|Mixed Platforms.Build.0 = Debug|iPhone
		{842ADB2E-6B84-48C8-820B-AA72955D78F2}.Debug|Mixed Platforms.Deploy.0 = Debug|iPhone
		{842ADB2E-6B84-48C8-820B-AA72955D78F2}.Debug|x86.ActiveCfg = Debug|iPhone
		{842ADB2E-6B84-48C8-820B-AA72955D78F2}.Release|Any CPU.ActiveCfg = Release|iPhoneSimulator
		{842ADB2E-6B84-48C8-820B-AA72955D78F2}.Release|Any CPU.Build.0 = Release|iPhoneSimulator
		{842ADB2E-6B84-48C8-820B-AA72955D78F2}.Release|ARM.ActiveCfg = Release|iPhone
		{842ADB2E-6B84-48C8-820B-AA72955D78F2}.Release|iPhone.ActiveCfg = Release|iPhone
		{842ADB2E-6B84-48C8-820B-AA72955D78F2}.Release|iPhone.Build.0 = Release|iPhone
		{842ADB2E-6B84-48C8-820B-AA72955D78F2}.Release|iPhoneSimulator.ActiveCfg = Release|iPhoneSimulator
		{842ADB2E-6B84-48C8-820B-AA72955D78F2}.Release|iPhoneSimulator.Build.0 = Release|iPhoneSimulator
		{842ADB2E-6B84-48C8-820B-AA72955D78F2}.Release|Mixed Platforms.ActiveCfg = Release|iPhone
		{842ADB2E-6B84-48C8-820B-AA72955D78F2}.Release|Mixed Platforms.Build.0 = Release|iPhone
		{842ADB2E-6B84-48C8-820B-AA72955D78F2}.Release|Mixed Platforms.Deploy.0 = Release|iPhone
		{842ADB2E-6B84-48C8-820B-AA72955D78F2}.Release|x86.ActiveCfg = Release|iPhone
		{0166E991-1FED-4430-AF57-BC51E774B9A3}.Ad-Hoc|Any CPU.ActiveCfg = Release|Any CPU
		{0166E991-1FED-4430-AF57-BC51E774B9A3}.Ad-Hoc|Any CPU.Build.0 = Release|Any CPU
		{0166E991-1FED-4430-AF57-BC51E774B9A3}.Ad-Hoc|ARM.ActiveCfg = Release|Any CPU
		{0166E991-1FED-4430-AF57-BC51E774B9A3}.Ad-Hoc|iPhone.ActiveCfg = Debug|Any CPU
		{0166E991-1FED-4430-AF57-BC51E774B9A3}.Ad-Hoc|iPhone.Build.0 = Debug|Any CPU
		{0166E991-1FED-4430-AF57-BC51E774B9A3}.Ad-Hoc|iPhoneSimulator.ActiveCfg = Release|Any CPU
		{0166E991-1FED-4430-AF57-BC51E774B9A3}.Ad-Hoc|Mixed Platforms.ActiveCfg = Release|Any CPU
		{0166E991-1FED-4430-AF57-BC51E774B9A3}.Ad-Hoc|Mixed Platforms.Build.0 = Release|Any CPU
		{0166E991-1FED-4430-AF57-BC51E774B9A3}.Ad-Hoc|x86.ActiveCfg = Release|Any CPU
		{0166E991-1FED-4430-AF57-BC51E774B9A3}.AppStore|Any CPU.ActiveCfg = Release|Any CPU
		{0166E991-1FED-4430-AF57-BC51E774B9A3}.AppStore|Any CPU.Build.0 = Release|Any CPU
		{0166E991-1FED-4430-AF57-BC51E774B9A3}.AppStore|ARM.ActiveCfg = Release|Any CPU
		{0166E991-1FED-4430-AF57-BC51E774B9A3}.AppStore|iPhone.ActiveCfg = Debug|Any CPU
		{0166E991-1FED-4430-AF57-BC51E774B9A3}.AppStore|iPhone.Build.0 = Debug|Any CPU
		{0166E991-1FED-4430-AF57-BC51E774B9A3}.AppStore|iPhoneSimulator.ActiveCfg = Release|Any CPU
		{0166E991-1FED-4430-AF57-BC51E774B9A3}.AppStore|Mixed Platforms.ActiveCfg = Release|Any CPU
		{0166E991-1FED-4430-AF57-BC51E774B9A3}.AppStore|Mixed Platforms.Build.0 = Release|Any CPU
		{0166E991-1FED-4430-AF57-BC51E774B9A3}.AppStore|x86.ActiveCfg = Release|Any CPU
		{0166E991-1FED-4430-AF57-BC51E774B9A3}.Debug|Any CPU.ActiveCfg = Debug|Any CPU
		{0166E991-1FED-4430-AF57-BC51E774B9A3}.Debug|Any CPU.Build.0 = Debug|Any CPU
		{0166E991-1FED-4430-AF57-BC51E774B9A3}.Debug|ARM.ActiveCfg = Debug|Any CPU
		{0166E991-1FED-4430-AF57-BC51E774B9A3}.Debug|iPhone.ActiveCfg = Debug|Any CPU
		{0166E991-1FED-4430-AF57-BC51E774B9A3}.Debug|iPhone.Build.0 = Debug|Any CPU
		{0166E991-1FED-4430-AF57-BC51E774B9A3}.Debug|iPhoneSimulator.ActiveCfg = Debug|Any CPU
		{0166E991-1FED-4430-AF57-BC51E774B9A3}.Debug|iPhoneSimulator.Build.0 = Debug|Any CPU
		{0166E991-1FED-4430-AF57-BC51E774B9A3}.Debug|Mixed Platforms.ActiveCfg = Debug|Any CPU
		{0166E991-1FED-4430-AF57-BC51E774B9A3}.Debug|Mixed Platforms.Build.0 = Debug|Any CPU
		{0166E991-1FED-4430-AF57-BC51E774B9A3}.Debug|x86.ActiveCfg = Debug|Any CPU
		{0166E991-1FED-4430-AF57-BC51E774B9A3}.Release|Any CPU.ActiveCfg = Release|Any CPU
		{0166E991-1FED-4430-AF57-BC51E774B9A3}.Release|Any CPU.Build.0 = Release|Any CPU
		{0166E991-1FED-4430-AF57-BC51E774B9A3}.Release|ARM.ActiveCfg = Release|Any CPU
		{0166E991-1FED-4430-AF57-BC51E774B9A3}.Release|iPhone.ActiveCfg = Release|Any CPU
		{0166E991-1FED-4430-AF57-BC51E774B9A3}.Release|iPhone.Build.0 = Release|Any CPU
		{0166E991-1FED-4430-AF57-BC51E774B9A3}.Release|iPhoneSimulator.ActiveCfg = Release|Any CPU
		{0166E991-1FED-4430-AF57-BC51E774B9A3}.Release|iPhoneSimulator.Build.0 = Release|Any CPU
		{0166E991-1FED-4430-AF57-BC51E774B9A3}.Release|Mixed Platforms.ActiveCfg = Release|Any CPU
		{0166E991-1FED-4430-AF57-BC51E774B9A3}.Release|Mixed Platforms.Build.0 = Release|Any CPU
		{0166E991-1FED-4430-AF57-BC51E774B9A3}.Release|x86.ActiveCfg = Release|Any CPU
		{F4E7F2FF-BD45-4E49-AEB5-3B5F34B17DBC}.Ad-Hoc|Any CPU.ActiveCfg = Release|Any CPU
		{F4E7F2FF-BD45-4E49-AEB5-3B5F34B17DBC}.Ad-Hoc|Any CPU.Build.0 = Release|Any CPU
		{F4E7F2FF-BD45-4E49-AEB5-3B5F34B17DBC}.Ad-Hoc|ARM.ActiveCfg = Release|Any CPU
		{F4E7F2FF-BD45-4E49-AEB5-3B5F34B17DBC}.Ad-Hoc|iPhone.ActiveCfg = Release|Any CPU
		{F4E7F2FF-BD45-4E49-AEB5-3B5F34B17DBC}.Ad-Hoc|iPhoneSimulator.ActiveCfg = Release|Any CPU
		{F4E7F2FF-BD45-4E49-AEB5-3B5F34B17DBC}.Ad-Hoc|Mixed Platforms.ActiveCfg = Release|Any CPU
		{F4E7F2FF-BD45-4E49-AEB5-3B5F34B17DBC}.Ad-Hoc|Mixed Platforms.Build.0 = Release|Any CPU
		{F4E7F2FF-BD45-4E49-AEB5-3B5F34B17DBC}.Ad-Hoc|x86.ActiveCfg = Release|Any CPU
		{F4E7F2FF-BD45-4E49-AEB5-3B5F34B17DBC}.AppStore|Any CPU.ActiveCfg = Release|Any CPU
		{F4E7F2FF-BD45-4E49-AEB5-3B5F34B17DBC}.AppStore|Any CPU.Build.0 = Release|Any CPU
		{F4E7F2FF-BD45-4E49-AEB5-3B5F34B17DBC}.AppStore|ARM.ActiveCfg = Release|Any CPU
		{F4E7F2FF-BD45-4E49-AEB5-3B5F34B17DBC}.AppStore|iPhone.ActiveCfg = Release|Any CPU
		{F4E7F2FF-BD45-4E49-AEB5-3B5F34B17DBC}.AppStore|iPhoneSimulator.ActiveCfg = Release|Any CPU
		{F4E7F2FF-BD45-4E49-AEB5-3B5F34B17DBC}.AppStore|Mixed Platforms.ActiveCfg = Release|Any CPU
		{F4E7F2FF-BD45-4E49-AEB5-3B5F34B17DBC}.AppStore|Mixed Platforms.Build.0 = Release|Any CPU
		{F4E7F2FF-BD45-4E49-AEB5-3B5F34B17DBC}.AppStore|x86.ActiveCfg = Release|Any CPU
		{F4E7F2FF-BD45-4E49-AEB5-3B5F34B17DBC}.Debug|Any CPU.ActiveCfg = Debug|Any CPU
		{F4E7F2FF-BD45-4E49-AEB5-3B5F34B17DBC}.Debug|Any CPU.Build.0 = Debug|Any CPU
		{F4E7F2FF-BD45-4E49-AEB5-3B5F34B17DBC}.Debug|ARM.ActiveCfg = Debug|Any CPU
		{F4E7F2FF-BD45-4E49-AEB5-3B5F34B17DBC}.Debug|iPhone.ActiveCfg = Debug|Any CPU
		{F4E7F2FF-BD45-4E49-AEB5-3B5F34B17DBC}.Debug|iPhoneSimulator.ActiveCfg = Debug|Any CPU
		{F4E7F2FF-BD45-4E49-AEB5-3B5F34B17DBC}.Debug|Mixed Platforms.ActiveCfg = Debug|Any CPU
		{F4E7F2FF-BD45-4E49-AEB5-3B5F34B17DBC}.Debug|Mixed Platforms.Build.0 = Debug|Any CPU
		{F4E7F2FF-BD45-4E49-AEB5-3B5F34B17DBC}.Debug|x86.ActiveCfg = Debug|Any CPU
		{F4E7F2FF-BD45-4E49-AEB5-3B5F34B17DBC}.Release|Any CPU.ActiveCfg = Release|Any CPU
		{F4E7F2FF-BD45-4E49-AEB5-3B5F34B17DBC}.Release|Any CPU.Build.0 = Release|Any CPU
		{F4E7F2FF-BD45-4E49-AEB5-3B5F34B17DBC}.Release|ARM.ActiveCfg = Release|Any CPU
		{F4E7F2FF-BD45-4E49-AEB5-3B5F34B17DBC}.Release|iPhone.ActiveCfg = Release|Any CPU
		{F4E7F2FF-BD45-4E49-AEB5-3B5F34B17DBC}.Release|iPhoneSimulator.ActiveCfg = Release|Any CPU
		{F4E7F2FF-BD45-4E49-AEB5-3B5F34B17DBC}.Release|Mixed Platforms.ActiveCfg = Release|Any CPU
		{F4E7F2FF-BD45-4E49-AEB5-3B5F34B17DBC}.Release|Mixed Platforms.Build.0 = Release|Any CPU
		{F4E7F2FF-BD45-4E49-AEB5-3B5F34B17DBC}.Release|x86.ActiveCfg = Release|Any CPU
		{827819F8-CF20-4795-BBFA-FD09A667EFBA}.Ad-Hoc|Any CPU.ActiveCfg = Release|Any CPU
		{827819F8-CF20-4795-BBFA-FD09A667EFBA}.Ad-Hoc|Any CPU.Build.0 = Release|Any CPU
		{827819F8-CF20-4795-BBFA-FD09A667EFBA}.Ad-Hoc|Any CPU.Deploy.0 = Release|Any CPU
		{827819F8-CF20-4795-BBFA-FD09A667EFBA}.Ad-Hoc|ARM.ActiveCfg = Release|ARM
		{827819F8-CF20-4795-BBFA-FD09A667EFBA}.Ad-Hoc|ARM.Build.0 = Release|ARM
		{827819F8-CF20-4795-BBFA-FD09A667EFBA}.Ad-Hoc|ARM.Deploy.0 = Release|ARM
		{827819F8-CF20-4795-BBFA-FD09A667EFBA}.Ad-Hoc|iPhone.ActiveCfg = Release|Any CPU
		{827819F8-CF20-4795-BBFA-FD09A667EFBA}.Ad-Hoc|iPhoneSimulator.ActiveCfg = Release|Any CPU
		{827819F8-CF20-4795-BBFA-FD09A667EFBA}.Ad-Hoc|Mixed Platforms.ActiveCfg = Release|x86
		{827819F8-CF20-4795-BBFA-FD09A667EFBA}.Ad-Hoc|Mixed Platforms.Build.0 = Release|x86
		{827819F8-CF20-4795-BBFA-FD09A667EFBA}.Ad-Hoc|Mixed Platforms.Deploy.0 = Release|x86
		{827819F8-CF20-4795-BBFA-FD09A667EFBA}.Ad-Hoc|x86.ActiveCfg = Release|x86
		{827819F8-CF20-4795-BBFA-FD09A667EFBA}.Ad-Hoc|x86.Build.0 = Release|x86
		{827819F8-CF20-4795-BBFA-FD09A667EFBA}.Ad-Hoc|x86.Deploy.0 = Release|x86
		{827819F8-CF20-4795-BBFA-FD09A667EFBA}.AppStore|Any CPU.ActiveCfg = Release|Any CPU
		{827819F8-CF20-4795-BBFA-FD09A667EFBA}.AppStore|Any CPU.Build.0 = Release|Any CPU
		{827819F8-CF20-4795-BBFA-FD09A667EFBA}.AppStore|Any CPU.Deploy.0 = Release|Any CPU
		{827819F8-CF20-4795-BBFA-FD09A667EFBA}.AppStore|ARM.ActiveCfg = Release|ARM
		{827819F8-CF20-4795-BBFA-FD09A667EFBA}.AppStore|ARM.Build.0 = Release|ARM
		{827819F8-CF20-4795-BBFA-FD09A667EFBA}.AppStore|ARM.Deploy.0 = Release|ARM
		{827819F8-CF20-4795-BBFA-FD09A667EFBA}.AppStore|iPhone.ActiveCfg = Release|Any CPU
		{827819F8-CF20-4795-BBFA-FD09A667EFBA}.AppStore|iPhoneSimulator.ActiveCfg = Release|Any CPU
		{827819F8-CF20-4795-BBFA-FD09A667EFBA}.AppStore|Mixed Platforms.ActiveCfg = Release|x86
		{827819F8-CF20-4795-BBFA-FD09A667EFBA}.AppStore|Mixed Platforms.Build.0 = Release|x86
		{827819F8-CF20-4795-BBFA-FD09A667EFBA}.AppStore|Mixed Platforms.Deploy.0 = Release|x86
		{827819F8-CF20-4795-BBFA-FD09A667EFBA}.AppStore|x86.ActiveCfg = Release|x86
		{827819F8-CF20-4795-BBFA-FD09A667EFBA}.AppStore|x86.Build.0 = Release|x86
		{827819F8-CF20-4795-BBFA-FD09A667EFBA}.AppStore|x86.Deploy.0 = Release|x86
		{827819F8-CF20-4795-BBFA-FD09A667EFBA}.Debug|Any CPU.ActiveCfg = Debug|Any CPU
		{827819F8-CF20-4795-BBFA-FD09A667EFBA}.Debug|Any CPU.Build.0 = Debug|Any CPU
		{827819F8-CF20-4795-BBFA-FD09A667EFBA}.Debug|Any CPU.Deploy.0 = Debug|Any CPU
		{827819F8-CF20-4795-BBFA-FD09A667EFBA}.Debug|ARM.ActiveCfg = Debug|ARM
		{827819F8-CF20-4795-BBFA-FD09A667EFBA}.Debug|ARM.Build.0 = Debug|ARM
		{827819F8-CF20-4795-BBFA-FD09A667EFBA}.Debug|ARM.Deploy.0 = Debug|ARM
		{827819F8-CF20-4795-BBFA-FD09A667EFBA}.Debug|iPhone.ActiveCfg = Debug|Any CPU
		{827819F8-CF20-4795-BBFA-FD09A667EFBA}.Debug|iPhoneSimulator.ActiveCfg = Debug|Any CPU
		{827819F8-CF20-4795-BBFA-FD09A667EFBA}.Debug|Mixed Platforms.ActiveCfg = Debug|x86
		{827819F8-CF20-4795-BBFA-FD09A667EFBA}.Debug|Mixed Platforms.Build.0 = Debug|x86
		{827819F8-CF20-4795-BBFA-FD09A667EFBA}.Debug|Mixed Platforms.Deploy.0 = Debug|x86
		{827819F8-CF20-4795-BBFA-FD09A667EFBA}.Debug|x86.ActiveCfg = Debug|x86
		{827819F8-CF20-4795-BBFA-FD09A667EFBA}.Debug|x86.Build.0 = Debug|x86
		{827819F8-CF20-4795-BBFA-FD09A667EFBA}.Debug|x86.Deploy.0 = Debug|x86
		{827819F8-CF20-4795-BBFA-FD09A667EFBA}.Release|Any CPU.ActiveCfg = Release|Any CPU
		{827819F8-CF20-4795-BBFA-FD09A667EFBA}.Release|Any CPU.Build.0 = Release|Any CPU
		{827819F8-CF20-4795-BBFA-FD09A667EFBA}.Release|Any CPU.Deploy.0 = Release|Any CPU
		{827819F8-CF20-4795-BBFA-FD09A667EFBA}.Release|ARM.ActiveCfg = Release|ARM
		{827819F8-CF20-4795-BBFA-FD09A667EFBA}.Release|ARM.Build.0 = Release|ARM
		{827819F8-CF20-4795-BBFA-FD09A667EFBA}.Release|ARM.Deploy.0 = Release|ARM
		{827819F8-CF20-4795-BBFA-FD09A667EFBA}.Release|iPhone.ActiveCfg = Release|Any CPU
		{827819F8-CF20-4795-BBFA-FD09A667EFBA}.Release|iPhoneSimulator.ActiveCfg = Release|Any CPU
		{827819F8-CF20-4795-BBFA-FD09A667EFBA}.Release|Mixed Platforms.ActiveCfg = Release|x86
		{827819F8-CF20-4795-BBFA-FD09A667EFBA}.Release|Mixed Platforms.Build.0 = Release|x86
		{827819F8-CF20-4795-BBFA-FD09A667EFBA}.Release|Mixed Platforms.Deploy.0 = Release|x86
		{827819F8-CF20-4795-BBFA-FD09A667EFBA}.Release|x86.ActiveCfg = Release|x86
		{827819F8-CF20-4795-BBFA-FD09A667EFBA}.Release|x86.Build.0 = Release|x86
		{827819F8-CF20-4795-BBFA-FD09A667EFBA}.Release|x86.Deploy.0 = Release|x86
		{68C61502-7224-4A5D-B0B2-933B42E8C8A4}.Ad-Hoc|Any CPU.ActiveCfg = Release|Any CPU
		{68C61502-7224-4A5D-B0B2-933B42E8C8A4}.Ad-Hoc|Any CPU.Build.0 = Release|Any CPU
		{68C61502-7224-4A5D-B0B2-933B42E8C8A4}.Ad-Hoc|Any CPU.Deploy.0 = Release|Any CPU
		{68C61502-7224-4A5D-B0B2-933B42E8C8A4}.Ad-Hoc|ARM.ActiveCfg = Release|Any CPU
		{68C61502-7224-4A5D-B0B2-933B42E8C8A4}.Ad-Hoc|iPhone.ActiveCfg = Release|Any CPU
		{68C61502-7224-4A5D-B0B2-933B42E8C8A4}.Ad-Hoc|iPhoneSimulator.ActiveCfg = Release|Any CPU
		{68C61502-7224-4A5D-B0B2-933B42E8C8A4}.Ad-Hoc|Mixed Platforms.ActiveCfg = Release|Any CPU
		{68C61502-7224-4A5D-B0B2-933B42E8C8A4}.Ad-Hoc|Mixed Platforms.Build.0 = Release|Any CPU
		{68C61502-7224-4A5D-B0B2-933B42E8C8A4}.Ad-Hoc|Mixed Platforms.Deploy.0 = Release|Any CPU
		{68C61502-7224-4A5D-B0B2-933B42E8C8A4}.Ad-Hoc|x86.ActiveCfg = Release|Any CPU
		{68C61502-7224-4A5D-B0B2-933B42E8C8A4}.AppStore|Any CPU.ActiveCfg = Release|Any CPU
		{68C61502-7224-4A5D-B0B2-933B42E8C8A4}.AppStore|Any CPU.Build.0 = Release|Any CPU
		{68C61502-7224-4A5D-B0B2-933B42E8C8A4}.AppStore|Any CPU.Deploy.0 = Release|Any CPU
		{68C61502-7224-4A5D-B0B2-933B42E8C8A4}.AppStore|ARM.ActiveCfg = Release|Any CPU
		{68C61502-7224-4A5D-B0B2-933B42E8C8A4}.AppStore|iPhone.ActiveCfg = Release|Any CPU
		{68C61502-7224-4A5D-B0B2-933B42E8C8A4}.AppStore|iPhoneSimulator.ActiveCfg = Release|Any CPU
		{68C61502-7224-4A5D-B0B2-933B42E8C8A4}.AppStore|Mixed Platforms.ActiveCfg = Release|Any CPU
		{68C61502-7224-4A5D-B0B2-933B42E8C8A4}.AppStore|Mixed Platforms.Build.0 = Release|Any CPU
		{68C61502-7224-4A5D-B0B2-933B42E8C8A4}.AppStore|Mixed Platforms.Deploy.0 = Release|Any CPU
		{68C61502-7224-4A5D-B0B2-933B42E8C8A4}.AppStore|x86.ActiveCfg = Release|Any CPU
		{68C61502-7224-4A5D-B0B2-933B42E8C8A4}.Debug|Any CPU.ActiveCfg = Debug|Any CPU
		{68C61502-7224-4A5D-B0B2-933B42E8C8A4}.Debug|Any CPU.Build.0 = Debug|Any CPU
		{68C61502-7224-4A5D-B0B2-933B42E8C8A4}.Debug|Any CPU.Deploy.0 = Debug|Any CPU
		{68C61502-7224-4A5D-B0B2-933B42E8C8A4}.Debug|ARM.ActiveCfg = Debug|Any CPU
		{68C61502-7224-4A5D-B0B2-933B42E8C8A4}.Debug|iPhone.ActiveCfg = Debug|Any CPU
		{68C61502-7224-4A5D-B0B2-933B42E8C8A4}.Debug|iPhoneSimulator.ActiveCfg = Debug|Any CPU
		{68C61502-7224-4A5D-B0B2-933B42E8C8A4}.Debug|Mixed Platforms.ActiveCfg = Debug|Any CPU
		{68C61502-7224-4A5D-B0B2-933B42E8C8A4}.Debug|Mixed Platforms.Build.0 = Debug|Any CPU
		{68C61502-7224-4A5D-B0B2-933B42E8C8A4}.Debug|Mixed Platforms.Deploy.0 = Debug|Any CPU
		{68C61502-7224-4A5D-B0B2-933B42E8C8A4}.Debug|x86.ActiveCfg = Debug|Any CPU
		{68C61502-7224-4A5D-B0B2-933B42E8C8A4}.Release|Any CPU.ActiveCfg = Release|Any CPU
		{68C61502-7224-4A5D-B0B2-933B42E8C8A4}.Release|Any CPU.Build.0 = Release|Any CPU
		{68C61502-7224-4A5D-B0B2-933B42E8C8A4}.Release|Any CPU.Deploy.0 = Release|Any CPU
		{68C61502-7224-4A5D-B0B2-933B42E8C8A4}.Release|ARM.ActiveCfg = Release|Any CPU
		{68C61502-7224-4A5D-B0B2-933B42E8C8A4}.Release|iPhone.ActiveCfg = Release|Any CPU
		{68C61502-7224-4A5D-B0B2-933B42E8C8A4}.Release|iPhoneSimulator.ActiveCfg = Release|Any CPU
		{68C61502-7224-4A5D-B0B2-933B42E8C8A4}.Release|Mixed Platforms.ActiveCfg = Release|Any CPU
		{68C61502-7224-4A5D-B0B2-933B42E8C8A4}.Release|Mixed Platforms.Build.0 = Release|Any CPU
		{68C61502-7224-4A5D-B0B2-933B42E8C8A4}.Release|Mixed Platforms.Deploy.0 = Release|Any CPU
		{68C61502-7224-4A5D-B0B2-933B42E8C8A4}.Release|x86.ActiveCfg = Release|Any CPU
	EndGlobalSection
	GlobalSection(SolutionProperties) = preSolution
		HideSolutionNode = FALSE
	EndGlobalSection
	GlobalSection(ExtensibilityGlobals) = postSolution
		EnterpriseLibraryConfigurationToolBinariesPath = packages\Unity.2.1.505.2\lib\NET35
	EndGlobalSection
	GlobalSection(MonoDevelopProperties) = preSolution
		StartupItem = iOS.Client\iOS.Client.csproj
	EndGlobalSection
EndGlobal
