
Microsoft Visual Studio Solution File, Format Version 12.00
# Visual Studio 2012
Project("{2150E333-8FDC-42A3-9474-1A3956D46DE8}") = ".nuget", ".nuget", "{12D7B259-6BAB-4C0C-9841-83DADC7D36DA}"
	ProjectSection(SolutionItems) = preProject
		.nuget\NuGet.Config = .nuget\NuGet.Config
		.nuget\NuGet.exe = .nuget\NuGet.exe
		.nuget\NuGet.targets = .nuget\NuGet.targets
	EndProjectSection
EndProject
Project("{FAE04EC0-301F-11D3-BF4B-00C04F79EFBC}") = "QBank", "QBank\QBank.csproj", "{6E8292A4-3067-467F-9928-1B037FF826E6}"
EndProject
Project("{FAE04EC0-301F-11D3-BF4B-00C04F79EFBC}") = "QBank.BasicAccountModule", "QBank.BasicAccountModule\QBank.BasicAccountModule.csproj", "{FFD67B3D-BBEA-4697-AD69-9799AA305189}"
EndProject
Project("{FAE04EC0-301F-11D3-BF4B-00C04F79EFBC}") = "QBank.Model", "QBank.Model\QBank.Model.csproj", "{C8386F02-74E2-48D6-8D87-3F151203AC46}"
EndProject
Project("{FAE04EC0-301F-11D3-BF4B-00C04F79EFBC}") = "QBank.DataAccess", "QBank.DataAccess\QBank.DataAccess.csproj", "{1DA1F168-7E36-468A-AF9C-6167233200F5}"
EndProject
Project("{FAE04EC0-301F-11D3-BF4B-00C04F79EFBC}") = "QBank.Service", "QBank.Service\QBank.Service.csproj", "{90CAC7EC-480B-43D6-824F-6C59DA02F6F9}"
EndProject
Project("{FAE04EC0-301F-11D3-BF4B-00C04F79EFBC}") = "QBank.Infrastructure.Web", "QBank.Infrastructure.Web\QBank.Infrastructure.Web.csproj", "{24FBFD89-0069-408A-A6BF-ECF0CA5E019E}"
EndProject
Project("{FAE04EC0-301F-11D3-BF4B-00C04F79EFBC}") = "QBank.Api", "QBank.Api\QBank.Api.csproj", "{2E622B76-DE24-4398-BB9A-D6EB06723334}"
EndProject
Project("{FAE04EC0-301F-11D3-BF4B-00C04F79EFBC}") = "iOS.Client", "iOS.Client\iOS.Client.csproj", "{842ADB2E-6B84-48C8-820B-AA72955D78F2}"
EndProject
Project("{FAE04EC0-301F-11D3-BF4B-00C04F79EFBC}") = "Framework.iOS", "Framework.iOS\Framework.iOS.csproj", "{0166E991-1FED-4430-AF57-BC51E774B9A3}"
EndProject
Global
	GlobalSection(SolutionConfigurationPlatforms) = preSolution
		Debug|Any CPU = Debug|Any CPU
		Release|Any CPU = Release|Any CPU
		Debug|iPhoneSimulator = Debug|iPhoneSimulator
		Release|iPhoneSimulator = Release|iPhoneSimulator
		Debug|iPhone = Debug|iPhone
		Release|iPhone = Release|iPhone
		Ad-Hoc|iPhone = Ad-Hoc|iPhone
		AppStore|iPhone = AppStore|iPhone
	EndGlobalSection
	GlobalSection(ProjectConfigurationPlatforms) = postSolution
		{0166E991-1FED-4430-AF57-BC51E774B9A3}.Ad-Hoc|iPhone.ActiveCfg = Debug|Any CPU
		{0166E991-1FED-4430-AF57-BC51E774B9A3}.Ad-Hoc|iPhone.Build.0 = Debug|Any CPU
		{0166E991-1FED-4430-AF57-BC51E774B9A3}.AppStore|iPhone.ActiveCfg = Debug|Any CPU
		{0166E991-1FED-4430-AF57-BC51E774B9A3}.AppStore|iPhone.Build.0 = Debug|Any CPU
		{0166E991-1FED-4430-AF57-BC51E774B9A3}.Debug|Any CPU.ActiveCfg = Debug|Any CPU
		{0166E991-1FED-4430-AF57-BC51E774B9A3}.Debug|Any CPU.Build.0 = Debug|Any CPU
		{0166E991-1FED-4430-AF57-BC51E774B9A3}.Debug|iPhone.ActiveCfg = Debug|Any CPU
		{0166E991-1FED-4430-AF57-BC51E774B9A3}.Debug|iPhone.Build.0 = Debug|Any CPU
		{0166E991-1FED-4430-AF57-BC51E774B9A3}.Debug|iPhoneSimulator.ActiveCfg = Debug|Any CPU
		{0166E991-1FED-4430-AF57-BC51E774B9A3}.Debug|iPhoneSimulator.Build.0 = Debug|Any CPU
		{0166E991-1FED-4430-AF57-BC51E774B9A3}.Release|Any CPU.ActiveCfg = Release|Any CPU
		{0166E991-1FED-4430-AF57-BC51E774B9A3}.Release|Any CPU.Build.0 = Release|Any CPU
		{0166E991-1FED-4430-AF57-BC51E774B9A3}.Release|iPhone.ActiveCfg = Release|Any CPU
		{0166E991-1FED-4430-AF57-BC51E774B9A3}.Release|iPhone.Build.0 = Release|Any CPU
		{0166E991-1FED-4430-AF57-BC51E774B9A3}.Release|iPhoneSimulator.ActiveCfg = Release|Any CPU
		{0166E991-1FED-4430-AF57-BC51E774B9A3}.Release|iPhoneSimulator.Build.0 = Release|Any CPU
		{1DA1F168-7E36-468A-AF9C-6167233200F5}.Ad-Hoc|iPhone.ActiveCfg = Debug|Any CPU
		{1DA1F168-7E36-468A-AF9C-6167233200F5}.Ad-Hoc|iPhone.Build.0 = Debug|Any CPU
		{1DA1F168-7E36-468A-AF9C-6167233200F5}.AppStore|iPhone.ActiveCfg = Debug|Any CPU
		{1DA1F168-7E36-468A-AF9C-6167233200F5}.AppStore|iPhone.Build.0 = Debug|Any CPU
		{1DA1F168-7E36-468A-AF9C-6167233200F5}.Debug|Any CPU.ActiveCfg = Debug|Any CPU
		{1DA1F168-7E36-468A-AF9C-6167233200F5}.Debug|iPhone.ActiveCfg = Debug|Any CPU
		{1DA1F168-7E36-468A-AF9C-6167233200F5}.Debug|iPhone.Build.0 = Debug|Any CPU
		{1DA1F168-7E36-468A-AF9C-6167233200F5}.Debug|iPhoneSimulator.ActiveCfg = Debug|Any CPU
		{1DA1F168-7E36-468A-AF9C-6167233200F5}.Debug|iPhoneSimulator.Build.0 = Debug|Any CPU
		{1DA1F168-7E36-468A-AF9C-6167233200F5}.Release|Any CPU.ActiveCfg = Release|Any CPU
		{1DA1F168-7E36-468A-AF9C-6167233200F5}.Release|Any CPU.Build.0 = Release|Any CPU
		{1DA1F168-7E36-468A-AF9C-6167233200F5}.Release|iPhone.ActiveCfg = Release|Any CPU
		{1DA1F168-7E36-468A-AF9C-6167233200F5}.Release|iPhone.Build.0 = Release|Any CPU
		{1DA1F168-7E36-468A-AF9C-6167233200F5}.Release|iPhoneSimulator.ActiveCfg = Release|Any CPU
		{1DA1F168-7E36-468A-AF9C-6167233200F5}.Release|iPhoneSimulator.Build.0 = Release|Any CPU
		{24FBFD89-0069-408A-A6BF-ECF0CA5E019E}.Ad-Hoc|iPhone.ActiveCfg = Debug|Any CPU
		{24FBFD89-0069-408A-A6BF-ECF0CA5E019E}.Ad-Hoc|iPhone.Build.0 = Debug|Any CPU
		{24FBFD89-0069-408A-A6BF-ECF0CA5E019E}.AppStore|iPhone.ActiveCfg = Debug|Any CPU
		{24FBFD89-0069-408A-A6BF-ECF0CA5E019E}.AppStore|iPhone.Build.0 = Debug|Any CPU
		{24FBFD89-0069-408A-A6BF-ECF0CA5E019E}.Debug|Any CPU.ActiveCfg = Debug|Any CPU
		{24FBFD89-0069-408A-A6BF-ECF0CA5E019E}.Debug|iPhone.ActiveCfg = Debug|Any CPU
		{24FBFD89-0069-408A-A6BF-ECF0CA5E019E}.Debug|iPhone.Build.0 = Debug|Any CPU
		{24FBFD89-0069-408A-A6BF-ECF0CA5E019E}.Debug|iPhoneSimulator.ActiveCfg = Debug|Any CPU
		{24FBFD89-0069-408A-A6BF-ECF0CA5E019E}.Debug|iPhoneSimulator.Build.0 = Debug|Any CPU
		{24FBFD89-0069-408A-A6BF-ECF0CA5E019E}.Release|Any CPU.ActiveCfg = Release|Any CPU
		{24FBFD89-0069-408A-A6BF-ECF0CA5E019E}.Release|Any CPU.Build.0 = Release|Any CPU
		{24FBFD89-0069-408A-A6BF-ECF0CA5E019E}.Release|iPhone.ActiveCfg = Release|Any CPU
		{24FBFD89-0069-408A-A6BF-ECF0CA5E019E}.Release|iPhone.Build.0 = Release|Any CPU
		{24FBFD89-0069-408A-A6BF-ECF0CA5E019E}.Release|iPhoneSimulator.ActiveCfg = Release|Any CPU
		{24FBFD89-0069-408A-A6BF-ECF0CA5E019E}.Release|iPhoneSimulator.Build.0 = Release|Any CPU
		{2E622B76-DE24-4398-BB9A-D6EB06723334}.Ad-Hoc|iPhone.ActiveCfg = Debug|Any CPU
		{2E622B76-DE24-4398-BB9A-D6EB06723334}.Ad-Hoc|iPhone.Build.0 = Debug|Any CPU
		{2E622B76-DE24-4398-BB9A-D6EB06723334}.AppStore|iPhone.ActiveCfg = Debug|Any CPU
		{2E622B76-DE24-4398-BB9A-D6EB06723334}.AppStore|iPhone.Build.0 = Debug|Any CPU
		{2E622B76-DE24-4398-BB9A-D6EB06723334}.Debug|Any CPU.ActiveCfg = Debug|Any CPU
		{2E622B76-DE24-4398-BB9A-D6EB06723334}.Debug|iPhone.ActiveCfg = Debug|Any CPU
		{2E622B76-DE24-4398-BB9A-D6EB06723334}.Debug|iPhone.Build.0 = Debug|Any CPU
		{2E622B76-DE24-4398-BB9A-D6EB06723334}.Debug|iPhoneSimulator.ActiveCfg = Debug|Any CPU
		{2E622B76-DE24-4398-BB9A-D6EB06723334}.Debug|iPhoneSimulator.Build.0 = Debug|Any CPU
		{2E622B76-DE24-4398-BB9A-D6EB06723334}.Release|Any CPU.ActiveCfg = Release|Any CPU
		{2E622B76-DE24-4398-BB9A-D6EB06723334}.Release|Any CPU.Build.0 = Release|Any CPU
		{2E622B76-DE24-4398-BB9A-D6EB06723334}.Release|iPhone.ActiveCfg = Release|Any CPU
		{2E622B76-DE24-4398-BB9A-D6EB06723334}.Release|iPhone.Build.0 = Release|Any CPU
		{2E622B76-DE24-4398-BB9A-D6EB06723334}.Release|iPhoneSimulator.ActiveCfg = Release|Any CPU
		{2E622B76-DE24-4398-BB9A-D6EB06723334}.Release|iPhoneSimulator.Build.0 = Release|Any CPU
		{6E8292A4-3067-467F-9928-1B037FF826E6}.Debug|Any CPU.ActiveCfg = Debug|Any CPU
		{6E8292A4-3067-467F-9928-1B037FF826E6}.Debug|Any CPU.Build.0 = Debug|Any CPU
		{6E8292A4-3067-467F-9928-1B037FF826E6}.Release|Any CPU.ActiveCfg = Release|Any CPU
		{6E8292A4-3067-467F-9928-1B037FF826E6}.Release|Any CPU.Build.0 = Release|Any CPU
		{842ADB2E-6B84-48C8-820B-AA72955D78F2}.Ad-Hoc|iPhone.ActiveCfg = Ad-Hoc|iPhone
		{842ADB2E-6B84-48C8-820B-AA72955D78F2}.Ad-Hoc|iPhone.Build.0 = Ad-Hoc|iPhone
		{842ADB2E-6B84-48C8-820B-AA72955D78F2}.AppStore|iPhone.ActiveCfg = AppStore|iPhone
		{842ADB2E-6B84-48C8-820B-AA72955D78F2}.AppStore|iPhone.Build.0 = AppStore|iPhone
		{842ADB2E-6B84-48C8-820B-AA72955D78F2}.Debug|Any CPU.ActiveCfg = Debug|iPhoneSimulator
		{842ADB2E-6B84-48C8-820B-AA72955D78F2}.Debug|Any CPU.Build.0 = Debug|iPhoneSimulator
		{842ADB2E-6B84-48C8-820B-AA72955D78F2}.Debug|iPhone.ActiveCfg = Debug|iPhone
		{842ADB2E-6B84-48C8-820B-AA72955D78F2}.Debug|iPhone.Build.0 = Debug|iPhone
		{842ADB2E-6B84-48C8-820B-AA72955D78F2}.Debug|iPhoneSimulator.ActiveCfg = Debug|iPhoneSimulator
		{842ADB2E-6B84-48C8-820B-AA72955D78F2}.Debug|iPhoneSimulator.Build.0 = Debug|iPhoneSimulator
		{842ADB2E-6B84-48C8-820B-AA72955D78F2}.Release|Any CPU.ActiveCfg = Release|iPhoneSimulator
		{842ADB2E-6B84-48C8-820B-AA72955D78F2}.Release|Any CPU.Build.0 = Release|iPhoneSimulator
		{842ADB2E-6B84-48C8-820B-AA72955D78F2}.Release|iPhone.ActiveCfg = Release|iPhone
		{842ADB2E-6B84-48C8-820B-AA72955D78F2}.Release|iPhone.Build.0 = Release|iPhone
		{842ADB2E-6B84-48C8-820B-AA72955D78F2}.Release|iPhoneSimulator.ActiveCfg = Release|iPhoneSimulator
		{842ADB2E-6B84-48C8-820B-AA72955D78F2}.Release|iPhoneSimulator.Build.0 = Release|iPhoneSimulator
		{90CAC7EC-480B-43D6-824F-6C59DA02F6F9}.Ad-Hoc|iPhone.ActiveCfg = Debug|Any CPU
		{90CAC7EC-480B-43D6-824F-6C59DA02F6F9}.Ad-Hoc|iPhone.Build.0 = Debug|Any CPU
		{90CAC7EC-480B-43D6-824F-6C59DA02F6F9}.AppStore|iPhone.ActiveCfg = Debug|Any CPU
		{90CAC7EC-480B-43D6-824F-6C59DA02F6F9}.AppStore|iPhone.Build.0 = Debug|Any CPU
		{90CAC7EC-480B-43D6-824F-6C59DA02F6F9}.Debug|Any CPU.ActiveCfg = Debug|Any CPU
		{90CAC7EC-480B-43D6-824F-6C59DA02F6F9}.Debug|iPhone.ActiveCfg = Debug|Any CPU
		{90CAC7EC-480B-43D6-824F-6C59DA02F6F9}.Debug|iPhone.Build.0 = Debug|Any CPU
		{90CAC7EC-480B-43D6-824F-6C59DA02F6F9}.Debug|iPhoneSimulator.ActiveCfg = Debug|Any CPU
		{90CAC7EC-480B-43D6-824F-6C59DA02F6F9}.Debug|iPhoneSimulator.Build.0 = Debug|Any CPU
		{90CAC7EC-480B-43D6-824F-6C59DA02F6F9}.Release|Any CPU.ActiveCfg = Release|Any CPU
		{90CAC7EC-480B-43D6-824F-6C59DA02F6F9}.Release|Any CPU.Build.0 = Release|Any CPU
		{90CAC7EC-480B-43D6-824F-6C59DA02F6F9}.Release|iPhone.ActiveCfg = Release|Any CPU
		{90CAC7EC-480B-43D6-824F-6C59DA02F6F9}.Release|iPhone.Build.0 = Release|Any CPU
		{90CAC7EC-480B-43D6-824F-6C59DA02F6F9}.Release|iPhoneSimulator.ActiveCfg = Release|Any CPU
		{90CAC7EC-480B-43D6-824F-6C59DA02F6F9}.Release|iPhoneSimulator.Build.0 = Release|Any CPU
		{C8386F02-74E2-48D6-8D87-3F151203AC46}.Ad-Hoc|iPhone.ActiveCfg = Debug|Any CPU
		{C8386F02-74E2-48D6-8D87-3F151203AC46}.Ad-Hoc|iPhone.Build.0 = Debug|Any CPU
		{C8386F02-74E2-48D6-8D87-3F151203AC46}.AppStore|iPhone.ActiveCfg = Debug|Any CPU
		{C8386F02-74E2-48D6-8D87-3F151203AC46}.AppStore|iPhone.Build.0 = Debug|Any CPU
		{C8386F02-74E2-48D6-8D87-3F151203AC46}.Debug|Any CPU.ActiveCfg = Debug|Any CPU
		{C8386F02-74E2-48D6-8D87-3F151203AC46}.Debug|iPhone.ActiveCfg = Debug|Any CPU
		{C8386F02-74E2-48D6-8D87-3F151203AC46}.Debug|iPhone.Build.0 = Debug|Any CPU
		{C8386F02-74E2-48D6-8D87-3F151203AC46}.Debug|iPhoneSimulator.ActiveCfg = Debug|Any CPU
		{C8386F02-74E2-48D6-8D87-3F151203AC46}.Debug|iPhoneSimulator.Build.0 = Debug|Any CPU
		{C8386F02-74E2-48D6-8D87-3F151203AC46}.Release|Any CPU.ActiveCfg = Release|Any CPU
		{C8386F02-74E2-48D6-8D87-3F151203AC46}.Release|Any CPU.Build.0 = Release|Any CPU
		{C8386F02-74E2-48D6-8D87-3F151203AC46}.Release|iPhone.ActiveCfg = Release|Any CPU
		{C8386F02-74E2-48D6-8D87-3F151203AC46}.Release|iPhone.Build.0 = Release|Any CPU
		{C8386F02-74E2-48D6-8D87-3F151203AC46}.Release|iPhoneSimulator.ActiveCfg = Release|Any CPU
		{C8386F02-74E2-48D6-8D87-3F151203AC46}.Release|iPhoneSimulator.Build.0 = Release|Any CPU
		{FFD67B3D-BBEA-4697-AD69-9799AA305189}.Debug|Any CPU.ActiveCfg = Debug|Any CPU
		{FFD67B3D-BBEA-4697-AD69-9799AA305189}.Debug|Any CPU.Build.0 = Debug|Any CPU
		{FFD67B3D-BBEA-4697-AD69-9799AA305189}.Release|Any CPU.ActiveCfg = Release|Any CPU
		{FFD67B3D-BBEA-4697-AD69-9799AA305189}.Release|Any CPU.Build.0 = Release|Any CPU
	EndGlobalSection
	GlobalSection(NestedProjects) = preSolution
	EndGlobalSection
	GlobalSection(MonoDevelopProperties) = preSolution
		StartupItem = iOS.Client\iOS.Client.csproj
	EndGlobalSection
	GlobalSection(SolutionProperties) = preSolution
		HideSolutionNode = FALSE
	EndGlobalSection
	GlobalSection(ExtensibilityGlobals) = postSolution
		EnterpriseLibraryConfigurationToolBinariesPath = packages\Unity.2.1.505.2\lib\NET35
	EndGlobalSection
EndGlobal
